Microsoft Visual Studio Solution File, Format Version 8.00
Project("{8BC9CEB8-8B4A-11D0-8D11-00A0C91BC942}") = "uARToolkit", "uARToolkit\uARToolkit.vcproj", "{E4AAAFC8-85FA-4645-BDBF-F6B6A227E3B3}"
	ProjectSection(ProjectDependencies) = postProject
	EndProjectSection
EndProject
Project("{8BC9CEB8-8B4A-11D0-8D11-00A0C91BC942}") = "uSimple", "uSimple\uSimple.vcproj", "{4059B34F-2360-4A8C-AC89-5F4E00D8D294}"
	ProjectSection(ProjectDependencies) = postProject
		{E4AAAFC8-85FA-4645-BDBF-F6B6A227E3B3} = {E4AAAFC8-85FA-4645-BDBF-F6B6A227E3B3}
	EndProjectSection
EndProject
Project("{8BC9CEB8-8B4A-11D0-8D11-00A0C91BC942}") = "uSimpleIM", "uSimpleIM\uSimpleIM.vcproj", "{960B8824-60AA-47A5-8D47-0DDD872F58FD}"
	ProjectSection(ProjectDependencies) = postProject
	EndProjectSection
EndProject
Project("{8BC9CEB8-8B4A-11D0-8D11-00A0C91BC942}") = "uSimpleSDL", "uSimpleSDL\uSimpleSDL.vcproj", "{960B8824-60AA-47A5-8D47-0DDD872F58FD}"
	ProjectSection(ProjectDependencies) = postProject
	EndProjectSection
EndProject
Global
	GlobalSection(SolutionConfiguration) = preSolution
		Debug = Debug
		DebugDLL = DebugDLL
		Release = Release
		ReleaseDLL = ReleaseDLL
	EndGlobalSection
	GlobalSection(ProjectConfiguration) = postSolution
		{E4AAAFC8-85FA-4645-BDBF-F6B6A227E3B3}.Debug.ActiveCfg = Debug|Win32
		{E4AAAFC8-85FA-4645-BDBF-F6B6A227E3B3}.Debug.Build.0 = Debug|Win32
		{E4AAAFC8-85FA-4645-BDBF-F6B6A227E3B3}.DebugDLL.ActiveCfg = DebugDLL|Win32
		{E4AAAFC8-85FA-4645-BDBF-F6B6A227E3B3}.DebugDLL.Build.0 = DebugDLL|Win32
		{E4AAAFC8-85FA-4645-BDBF-F6B6A227E3B3}.Release.ActiveCfg = Release|Win32
		{E4AAAFC8-85FA-4645-BDBF-F6B6A227E3B3}.Release.Build.0 = Release|Win32
		{E4AAAFC8-85FA-4645-BDBF-F6B6A227E3B3}.ReleaseDLL.ActiveCfg = ReleaseDLL|Win32
		{E4AAAFC8-85FA-4645-BDBF-F6B6A227E3B3}.ReleaseDLL.Build.0 = ReleaseDLL|Win32
		{4059B34F-2360-4A8C-AC89-5F4E00D8D294}.Debug.ActiveCfg = Debug|Win32
		{4059B34F-2360-4A8C-AC89-5F4E00D8D294}.Debug.Build.0 = Debug|Win32
		{4059B34F-2360-4A8C-AC89-5F4E00D8D294}.DebugDLL.ActiveCfg = DebugDLL|Win32
		{4059B34F-2360-4A8C-AC89-5F4E00D8D294}.DebugDLL.Build.0 = DebugDLL|Win32
		{4059B34F-2360-4A8C-AC89-5F4E00D8D294}.Release.ActiveCfg = Release|Win32
		{4059B34F-2360-4A8C-AC89-5F4E00D8D294}.Release.Build.0 = Release|Win32
		{4059B34F-2360-4A8C-AC89-5F4E00D8D294}.ReleaseDLL.ActiveCfg = Release|Win32
		{4059B34F-2360-4A8C-AC89-5F4E00D8D294}.ReleaseDLL.Build.0 = Release|Win32
		{960B8824-60AA-47A5-8D47-0DDD872F58FD}.Debug.ActiveCfg = Debug|Win32
		{960B8824-60AA-47A5-8D47-0DDD872F58FD}.Debug.Build.0 = Debug|Win32
		{960B8824-60AA-47A5-8D47-0DDD872F58FD}.DebugDLL.ActiveCfg = Debug|Win32
		{960B8824-60AA-47A5-8D47-0DDD872F58FD}.DebugDLL.Build.0 = Debug|Win32
		{960B8824-60AA-47A5-8D47-0DDD872F58FD}.Release.ActiveCfg = Release|Win32
		{960B8824-60AA-47A5-8D47-0DDD872F58FD}.Release.Build.0 = Release|Win32
		{960B8824-60AA-47A5-8D47-0DDD872F58FD}.ReleaseDLL.ActiveCfg = Release|Win32
		{960B8824-60AA-47A5-8D47-0DDD872F58FD}.ReleaseDLL.Build.0 = Release|Win32
		{960B8824-60AA-47A5-8D47-0DDD872F58FD}.Debug.ActiveCfg = Debug|Win32
		{960B8824-60AA-47A5-8D47-0DDD872F58FD}.Debug.Build.0 = Debug|Win32
		{960B8824-60AA-47A5-8D47-0DDD872F58FD}.DebugDLL.ActiveCfg = Debug|Win32
		{960B8824-60AA-47A5-8D47-0DDD872F58FD}.DebugDLL.Build.0 = Debug|Win32
		{960B8824-60AA-47A5-8D47-0DDD872F58FD}.Release.ActiveCfg = Release|Win32
		{960B8824-60AA-47A5-8D47-0DDD872F58FD}.Release.Build.0 = Release|Win32
		{960B8824-60AA-47A5-8D47-0DDD872F58FD}.ReleaseDLL.ActiveCfg = Release|Win32
		{960B8824-60AA-47A5-8D47-0DDD872F58FD}.ReleaseDLL.Build.0 = Release|Win32
	EndGlobalSection
	GlobalSection(ExtensibilityGlobals) = postSolution
	EndGlobalSection
	GlobalSection(ExtensibilityAddIns) = postSolution
	EndGlobalSection
EndGlobal
